
Microsoft Visual Studio Solution File, Format Version 12.00
# Visual Studio Version 16
VisualStudioVersion = 16.0.31005.135
MinimumVisualStudioVersion = 10.0.40219.1
Project("{FAE04EC0-301F-11D3-BF4B-00C04F79EFBC}") = "DataAccess", "DataAccess\DataAccess.csproj", "{83F7B22F-927A-4157-A400-B4320AD248D4}"
EndProject
Project("{FAE04EC0-301F-11D3-BF4B-00C04F79EFBC}") = "Entities", "Entities\Entities.csproj", "{7B3086EA-1215-45C4-9259-8EBF5638461C}"
EndProject
Project("{FAE04EC0-301F-11D3-BF4B-00C04F79EFBC}") = "Business", "Business\Business.csproj", "{5762C838-30FF-4A67-A45D-269B42AAFA32}"
EndProject
Project("{FAE04EC0-301F-11D3-BF4B-00C04F79EFBC}") = "ConsoleUI", "ConsoleUI\ConsoleUI.csproj", "{C25D70F5-19AE-46E3-BADD-F94A7EBC9211}"
EndProject
Global
	GlobalSection(SolutionConfigurationPlatforms) = preSolution
		Debug|Any CPU = Debug|Any CPU
		Release|Any CPU = Release|Any CPU
	EndGlobalSection
	GlobalSection(ProjectConfigurationPlatforms) = postSolution
		{83F7B22F-927A-4157-A400-B4320AD248D4}.Debug|Any CPU.ActiveCfg = Debug|Any CPU
		{83F7B22F-927A-4157-A400-B4320AD248D4}.Debug|Any CPU.Build.0 = Debug|Any CPU
		{83F7B22F-927A-4157-A400-B4320AD248D4}.Release|Any CPU.ActiveCfg = Release|Any CPU
		{83F7B22F-927A-4157-A400-B4320AD248D4}.Release|Any CPU.Build.0 = Release|Any CPU
		{7B3086EA-1215-45C4-9259-8EBF5638461C}.Debug|Any CPU.ActiveCfg = Debug|Any CPU
		{7B3086EA-1215-45C4-9259-8EBF5638461C}.Debug|Any CPU.Build.0 = Debug|Any CPU
		{7B3086EA-1215-45C4-9259-8EBF5638461C}.Release|Any CPU.ActiveCfg = Release|Any CPU
		{7B3086EA-1215-45C4-9259-8EBF5638461C}.Release|Any CPU.Build.0 = Release|Any CPU
		{5762C838-30FF-4A67-A45D-269B42AAFA32}.Debug|Any CPU.ActiveCfg = Debug|Any CPU
		{5762C838-30FF-4A67-A45D-269B42AAFA32}.Debug|Any CPU.Build.0 = Debug|Any CPU
		{5762C838-30FF-4A67-A45D-269B42AAFA32}.Release|Any CPU.ActiveCfg = Release|Any CPU
		{5762C838-30FF-4A67-A45D-269B42AAFA32}.Release|Any CPU.Build.0 = Release|Any CPU
		{C25D70F5-19AE-46E3-BADD-F94A7EBC9211}.Debug|Any CPU.ActiveCfg = Debug|Any CPU
		{C25D70F5-19AE-46E3-BADD-F94A7EBC9211}.Debug|Any CPU.Build.0 = Debug|Any CPU
		{C25D70F5-19AE-46E3-BADD-F94A7EBC9211}.Release|Any CPU.ActiveCfg = Release|Any CPU
		{C25D70F5-19AE-46E3-BADD-F94A7EBC9211}.Release|Any CPU.Build.0 = Release|Any CPU
	EndGlobalSection
	GlobalSection(SolutionProperties) = preSolution
		HideSolutionNode = FALSE
	EndGlobalSection
	GlobalSection(ExtensibilityGlobals) = postSolution
		SolutionGuid = {F643AEF4-F541-4518-B7D8-F0C9D71E0E41}
	EndGlobalSection
EndGlobal
